
Microsoft Visual Studio Solution File, Format Version 12.00
# Visual Studio Version 17
VisualStudioVersion = 17.5.002.0
MinimumVisualStudioVersion = 10.0.40219.1
Project("{9A19103F-16F7-4668-BE54-9A1E7A4F7556}") = "WebClient", "WebClient.csproj", "{A58EF77F-ECC5-4480-B235-4EF5C074CED2}"
EndProject
Global
	GlobalSection(SolutionConfigurationPlatforms) = preSolution
		Debug|Any CPU = Debug|Any CPU
		Release|Any CPU = Release|Any CPU
	EndGlobalSection
	GlobalSection(ProjectConfigurationPlatforms) = postSolution
		{A58EF77F-ECC5-4480-B235-4EF5C074CED2}.Debug|Any CPU.ActiveCfg = Debug|Any CPU
		{A58EF77F-ECC5-4480-B235-4EF5C074CED2}.Debug|Any CPU.Build.0 = Debug|Any CPU
		{A58EF77F-ECC5-4480-B235-4EF5C074CED2}.Release|Any CPU.ActiveCfg = Release|Any CPU
		{A58EF77F-ECC5-4480-B235-4EF5C074CED2}.Release|Any CPU.Build.0 = Release|Any CPU
	EndGlobalSection
	GlobalSection(SolutionProperties) = preSolution
		HideSolutionNode = FALSE
	EndGlobalSection
	GlobalSection(ExtensibilityGlobals) = postSolution
		SolutionGuid = {D37EC848-D3D1-4658-8E00-E48BFDD68CE3}
	EndGlobalSection
EndGlobal
